
Microsoft Visual Studio Solution File, Format Version 12.00
# Visual Studio 15
VisualStudioVersion = 15.0.26430.16
MinimumVisualStudioVersion = 10.0.40219.1
Project("{9A19103F-16F7-4668-BE54-9A1E7A4F7556}") = "Ceres.WebApi", "Ceres.WebApi\Ceres.WebApi.csproj", "{760E899E-36BD-494C-A1E0-D970B455BE97}"
EndProject
Project("{9A19103F-16F7-4668-BE54-9A1E7A4F7556}") = "Ceres.Data", "Ceres.Data\Ceres.Data.csproj", "{4A6FDEA1-ABE9-4DB5-9DCB-7F8CD90D5501}"
EndProject
Project("{9A19103F-16F7-4668-BE54-9A1E7A4F7556}") = "Ceres.Data.MongoDb", "Ceres.Data.MongoDb\Ceres.Data.MongoDb.csproj", "{0AAE2428-327B-49BC-94E7-8B58B826CA65}"
EndProject
Project("{9A19103F-16F7-4668-BE54-9A1E7A4F7556}") = "Ceres.Services", "Ceres.Services\Ceres.Services.csproj", "{712BB538-F520-4A4A-B2F5-17960A2183C5}"
EndProject
Project("{FAE04EC0-301F-11D3-BF4B-00C04F79EFBC}") = "Ceres.Landing", "Ceres.Landing\Ceres.Landing.csproj", "{14BCF4DB-A35E-4836-882C-31A988094E5C}"
EndProject
Global
	GlobalSection(SolutionConfigurationPlatforms) = preSolution
		Debug|Any CPU = Debug|Any CPU
		Release|Any CPU = Release|Any CPU
	EndGlobalSection
	GlobalSection(ProjectConfigurationPlatforms) = postSolution
		{760E899E-36BD-494C-A1E0-D970B455BE97}.Debug|Any CPU.ActiveCfg = Debug|Any CPU
		{760E899E-36BD-494C-A1E0-D970B455BE97}.Debug|Any CPU.Build.0 = Debug|Any CPU
		{760E899E-36BD-494C-A1E0-D970B455BE97}.Release|Any CPU.ActiveCfg = Release|Any CPU
		{760E899E-36BD-494C-A1E0-D970B455BE97}.Release|Any CPU.Build.0 = Release|Any CPU
		{4A6FDEA1-ABE9-4DB5-9DCB-7F8CD90D5501}.Debug|Any CPU.ActiveCfg = Debug|Any CPU
		{4A6FDEA1-ABE9-4DB5-9DCB-7F8CD90D5501}.Debug|Any CPU.Build.0 = Debug|Any CPU
		{4A6FDEA1-ABE9-4DB5-9DCB-7F8CD90D5501}.Release|Any CPU.ActiveCfg = Release|Any CPU
		{4A6FDEA1-ABE9-4DB5-9DCB-7F8CD90D5501}.Release|Any CPU.Build.0 = Release|Any CPU
		{0AAE2428-327B-49BC-94E7-8B58B826CA65}.Debug|Any CPU.ActiveCfg = Debug|Any CPU
		{0AAE2428-327B-49BC-94E7-8B58B826CA65}.Debug|Any CPU.Build.0 = Debug|Any CPU
		{0AAE2428-327B-49BC-94E7-8B58B826CA65}.Release|Any CPU.ActiveCfg = Release|Any CPU
		{0AAE2428-327B-49BC-94E7-8B58B826CA65}.Release|Any CPU.Build.0 = Release|Any CPU
		{712BB538-F520-4A4A-B2F5-17960A2183C5}.Debug|Any CPU.ActiveCfg = Debug|Any CPU
		{712BB538-F520-4A4A-B2F5-17960A2183C5}.Debug|Any CPU.Build.0 = Debug|Any CPU
		{712BB538-F520-4A4A-B2F5-17960A2183C5}.Release|Any CPU.ActiveCfg = Release|Any CPU
		{712BB538-F520-4A4A-B2F5-17960A2183C5}.Release|Any CPU.Build.0 = Release|Any CPU
		{14BCF4DB-A35E-4836-882C-31A988094E5C}.Debug|Any CPU.ActiveCfg = Debug|Any CPU
		{14BCF4DB-A35E-4836-882C-31A988094E5C}.Debug|Any CPU.Build.0 = Debug|Any CPU
		{14BCF4DB-A35E-4836-882C-31A988094E5C}.Release|Any CPU.ActiveCfg = Release|Any CPU
		{14BCF4DB-A35E-4836-882C-31A988094E5C}.Release|Any CPU.Build.0 = Release|Any CPU
	EndGlobalSection
	GlobalSection(SolutionProperties) = preSolution
		HideSolutionNode = FALSE
	EndGlobalSection
EndGlobal
