
Microsoft Visual Studio Solution File, Format Version 12.00
# Visual Studio 15
VisualStudioVersion = 15.0.26430.16
MinimumVisualStudioVersion = 10.0.40219.1
Project("{FAE04EC0-301F-11D3-BF4B-00C04F79EFBC}") = "Ceres.WebApi", "Ceres.WebApi\Ceres.WebApi.csproj", "{760E899E-36BD-494C-A1E0-D970B455BE97}"
EndProject
Project("{FAE04EC0-301F-11D3-BF4B-00C04F79EFBC}") = "Ceres.Landing", "Ceres.Landing\Ceres.Landing.csproj", "{909844DD-D7B9-4A2E-999F-0AC219CB8FC8}"
EndProject
Project("{FAE04EC0-301F-11D3-BF4B-00C04F79EFBC}") = "Ceres.Data", "Ceres.Data\Ceres.Data.csproj", "{4A6FDEA1-ABE9-4DB5-9DCB-7F8CD90D5501}"
EndProject
Project("{FAE04EC0-301F-11D3-BF4B-00C04F79EFBC}") = "Ceres.Data.MongoDb", "Ceres.Data.MongoDb\Ceres.Data.MongoDb.csproj", "{0AAE2428-327B-49BC-94E7-8B58B826CA65}"
EndProject
Global
	GlobalSection(SolutionConfigurationPlatforms) = preSolution
		Debug|Any CPU = Debug|Any CPU
		Release|Any CPU = Release|Any CPU
	EndGlobalSection
	GlobalSection(ProjectConfigurationPlatforms) = postSolution
		{760E899E-36BD-494C-A1E0-D970B455BE97}.Debug|Any CPU.ActiveCfg = Debug|Any CPU
		{760E899E-36BD-494C-A1E0-D970B455BE97}.Debug|Any CPU.Build.0 = Debug|Any CPU
		{760E899E-36BD-494C-A1E0-D970B455BE97}.Release|Any CPU.ActiveCfg = Release|Any CPU
		{760E899E-36BD-494C-A1E0-D970B455BE97}.Release|Any CPU.Build.0 = Release|Any CPU
		{909844DD-D7B9-4A2E-999F-0AC219CB8FC8}.Debug|Any CPU.ActiveCfg = Debug|Any CPU
		{909844DD-D7B9-4A2E-999F-0AC219CB8FC8}.Debug|Any CPU.Build.0 = Debug|Any CPU
		{909844DD-D7B9-4A2E-999F-0AC219CB8FC8}.Release|Any CPU.ActiveCfg = Release|Any CPU
		{909844DD-D7B9-4A2E-999F-0AC219CB8FC8}.Release|Any CPU.Build.0 = Release|Any CPU
		{4A6FDEA1-ABE9-4DB5-9DCB-7F8CD90D5501}.Debug|Any CPU.ActiveCfg = Debug|Any CPU
		{4A6FDEA1-ABE9-4DB5-9DCB-7F8CD90D5501}.Debug|Any CPU.Build.0 = Debug|Any CPU
		{4A6FDEA1-ABE9-4DB5-9DCB-7F8CD90D5501}.Release|Any CPU.ActiveCfg = Release|Any CPU
		{4A6FDEA1-ABE9-4DB5-9DCB-7F8CD90D5501}.Release|Any CPU.Build.0 = Release|Any CPU
		{0AAE2428-327B-49BC-94E7-8B58B826CA65}.Debug|Any CPU.ActiveCfg = Debug|Any CPU
		{0AAE2428-327B-49BC-94E7-8B58B826CA65}.Debug|Any CPU.Build.0 = Debug|Any CPU
		{0AAE2428-327B-49BC-94E7-8B58B826CA65}.Release|Any CPU.ActiveCfg = Release|Any CPU
		{0AAE2428-327B-49BC-94E7-8B58B826CA65}.Release|Any CPU.Build.0 = Release|Any CPU
	EndGlobalSection
	GlobalSection(SolutionProperties) = preSolution
		HideSolutionNode = FALSE
	EndGlobalSection
EndGlobal
